
Microsoft Visual Studio Solution File, Format Version 12.00
# Visual Studio Version 17
VisualStudioVersion = 17.11.35327.3
MinimumVisualStudioVersion = 10.0.40219.1
Project("{FAE04EC0-301F-11D3-BF4B-00C04F79EFBC}") = "MineSwapper", "MineSwapper\MineSwapper.csproj", "{76019DDA-4464-4EAC-8CB5-E96AA2A46583}"
EndProject
Global
	GlobalSection(SolutionConfigurationPlatforms) = preSolution
		Debug|Any CPU = Debug|Any CPU
		Release|Any CPU = Release|Any CPU
	EndGlobalSection
	GlobalSection(ProjectConfigurationPlatforms) = postSolution
		{76019DDA-4464-4EAC-8CB5-E96AA2A46583}.Debug|Any CPU.ActiveCfg = Debug|Any CPU
		{76019DDA-4464-4EAC-8CB5-E96AA2A46583}.Debug|Any CPU.Build.0 = Debug|Any CPU
		{76019DDA-4464-4EAC-8CB5-E96AA2A46583}.Release|Any CPU.ActiveCfg = Release|Any CPU
		{76019DDA-4464-4EAC-8CB5-E96AA2A46583}.Release|Any CPU.Build.0 = Release|Any CPU
	EndGlobalSection
	GlobalSection(SolutionProperties) = preSolution
		HideSolutionNode = FALSE
	EndGlobalSection
	GlobalSection(ExtensibilityGlobals) = postSolution
		SolutionGuid = {10DD68E7-7EDF-4C33-B0DE-C736A91377B3}
	EndGlobalSection
EndGlobal
